
Microsoft Visual Studio Solution File, Format Version 12.00
# Visual Studio Version 16
VisualStudioVersion = 16.0.31605.320
MinimumVisualStudioVersion = 10.0.40219.1
Project("{FAE04EC0-301F-11D3-BF4B-00C04F79EFBC}") = "GarbageCollector", "GarbageCollector\GarbageCollector.csproj", "{0191C328-802B-4D07-ADBD-6915726ED763}"
EndProject
Project("{FAE04EC0-301F-11D3-BF4B-00C04F79EFBC}") = "GC002", "GC002\GC002.csproj", "{03BE93B2-60C4-4AA6-933F-448E00349A42}"
EndProject
Project("{FAE04EC0-301F-11D3-BF4B-00C04F79EFBC}") = "GC003", "GC003\GC003.csproj", "{76A23336-0B47-4A78-9A23-34DB5989A940}"
EndProject
Global
	GlobalSection(SolutionConfigurationPlatforms) = preSolution
		Debug|Any CPU = Debug|Any CPU
		Release|Any CPU = Release|Any CPU
	EndGlobalSection
	GlobalSection(ProjectConfigurationPlatforms) = postSolution
		{0191C328-802B-4D07-ADBD-6915726ED763}.Debug|Any CPU.ActiveCfg = Debug|Any CPU
		{0191C328-802B-4D07-ADBD-6915726ED763}.Debug|Any CPU.Build.0 = Debug|Any CPU
		{0191C328-802B-4D07-ADBD-6915726ED763}.Release|Any CPU.ActiveCfg = Release|Any CPU
		{0191C328-802B-4D07-ADBD-6915726ED763}.Release|Any CPU.Build.0 = Release|Any CPU
		{03BE93B2-60C4-4AA6-933F-448E00349A42}.Debug|Any CPU.ActiveCfg = Debug|Any CPU
		{03BE93B2-60C4-4AA6-933F-448E00349A42}.Debug|Any CPU.Build.0 = Debug|Any CPU
		{03BE93B2-60C4-4AA6-933F-448E00349A42}.Release|Any CPU.ActiveCfg = Release|Any CPU
		{03BE93B2-60C4-4AA6-933F-448E00349A42}.Release|Any CPU.Build.0 = Release|Any CPU
		{76A23336-0B47-4A78-9A23-34DB5989A940}.Debug|Any CPU.ActiveCfg = Debug|Any CPU
		{76A23336-0B47-4A78-9A23-34DB5989A940}.Debug|Any CPU.Build.0 = Debug|Any CPU
		{76A23336-0B47-4A78-9A23-34DB5989A940}.Release|Any CPU.ActiveCfg = Release|Any CPU
		{76A23336-0B47-4A78-9A23-34DB5989A940}.Release|Any CPU.Build.0 = Release|Any CPU
	EndGlobalSection
	GlobalSection(SolutionProperties) = preSolution
		HideSolutionNode = FALSE
	EndGlobalSection
	GlobalSection(ExtensibilityGlobals) = postSolution
		SolutionGuid = {843B1593-05D5-438E-902A-242C4710A382}
	EndGlobalSection
EndGlobal
